{
  "name": "shellx-dev-cli",
  "version": "3.2.1",
  "lockfileVersion": 3,
  "requires": true,
  "packages": {
    "": {
      "name": "shellx-dev-cli",
      "version": "3.2.1",
      "hasInstallScript": true,
      "license": "GPL-3.0",
      "os": [
        "win32",
        "darwin",
        "linux"
      ],
      "bin": {
        "shellx": "bin/shellx.js",
        "shellx-dev-cli": "bin/shellx-dev-cli.js",
        "shellx-superman": "bin/shellx-superman.js"
      },
      "engines": {
        "node": ">=18"
      }
    }
  }
}
